
Microsoft Visual Studio Solution File, Format Version 12.00
# Visual Studio 14
VisualStudioVersion = 14.0.25123.0
MinimumVisualStudioVersion = 10.0.40219.1
Project("{FAE04EC0-301F-11D3-BF4B-00C04F79EFBC}") = "TLAuto.Video.App", "TLAuto.Video.App\TLAuto.Video.App.csproj", "{3389F4AA-5449-455D-AE68-EE8EA9BD0F60}"
EndProject
Project("{2150E333-8FDC-42A3-9474-1A3956D46DE8}") = "Dependencies", "Dependencies", "{68430C15-2713-49CB-82C5-C87CB5749AD6}"
EndProject
Project("{2150E333-8FDC-42A3-9474-1A3956D46DE8}") = "TLAuto.Lib", "TLAuto.Lib", "{38B0C244-ABF7-424C-8F6A-FE40FB5D50EB}"
EndProject
Project("{FAE04EC0-301F-11D3-BF4B-00C04F79EFBC}") = "TLAuto.Base", "..\TLAuto.Lib\Main\TLAuto.Base\TLAuto.Base.csproj", "{293E947E-F356-451B-AF27-D16CEF93091B}"
EndProject
Project("{FAE04EC0-301F-11D3-BF4B-00C04F79EFBC}") = "TLAuto.BaseEx", "..\TLAuto.Lib\Main\TLAuto.BaseEx\TLAuto.BaseEx.csproj", "{8AD58CEB-DFFD-4995-B6E0-710E5BC45624}"
EndProject
Project("{2150E333-8FDC-42A3-9474-1A3956D46DE8}") = "WcfContracts", "WcfContracts", "{B8AA0D1E-E3A3-4FEC-A16C-8AA411FF53DA}"
EndProject
Project("{FAE04EC0-301F-11D3-BF4B-00C04F79EFBC}") = "TLAuto.Notification.Contracts", "..\TLAuto.Notification\TLAuto.Notification.Contracts\TLAuto.Notification.Contracts.csproj", "{911BD64B-CA8D-4641-B95F-735C1D4C0C76}"
EndProject
Project("{FAE04EC0-301F-11D3-BF4B-00C04F79EFBC}") = "TLAuto.Wcf", "..\TLAuto.Lib\Main\TLAuto.Wcf\TLAuto.Wcf.csproj", "{712843F8-26C7-413D-84F9-498AB6E80648}"
EndProject
Project("{FAE04EC0-301F-11D3-BF4B-00C04F79EFBC}") = "TLAuto.Log", "..\TLAuto.Lib\Main\TLAuto.Log\TLAuto.Log.csproj", "{C0D5A349-61E8-4F7C-821A-47EE88659610}"
EndProject
Project("{FAE04EC0-301F-11D3-BF4B-00C04F79EFBC}") = "TLAuto.Video.Contracts", "TLAuto.Video.Contracts\TLAuto.Video.Contracts.csproj", "{BFC458F2-0C36-4321-9241-F0DE43F96126}"
EndProject
Project("{FAE04EC0-301F-11D3-BF4B-00C04F79EFBC}") = "TLAuto.Video.Controls", "TLAuto.Video.Controls\TLAuto.Video.Controls.csproj", "{43199645-D6B0-43FA-929A-7DA6D42BAF0B}"
EndProject
Project("{FAE04EC0-301F-11D3-BF4B-00C04F79EFBC}") = "TLAuto.LocalVideo.App", "TLAuto.LocalVideo.App\TLAuto.LocalVideo.App.csproj", "{1266CF1D-97D5-42D6-9026-5406D300F793}"
EndProject
Global
	GlobalSection(SolutionConfigurationPlatforms) = preSolution
		Debug|Any CPU = Debug|Any CPU
		Release|Any CPU = Release|Any CPU
	EndGlobalSection
	GlobalSection(ProjectConfigurationPlatforms) = postSolution
		{3389F4AA-5449-455D-AE68-EE8EA9BD0F60}.Debug|Any CPU.ActiveCfg = Debug|Any CPU
		{3389F4AA-5449-455D-AE68-EE8EA9BD0F60}.Debug|Any CPU.Build.0 = Debug|Any CPU
		{3389F4AA-5449-455D-AE68-EE8EA9BD0F60}.Release|Any CPU.ActiveCfg = Release|Any CPU
		{3389F4AA-5449-455D-AE68-EE8EA9BD0F60}.Release|Any CPU.Build.0 = Release|Any CPU
		{293E947E-F356-451B-AF27-D16CEF93091B}.Debug|Any CPU.ActiveCfg = Debug|Any CPU
		{293E947E-F356-451B-AF27-D16CEF93091B}.Debug|Any CPU.Build.0 = Debug|Any CPU
		{293E947E-F356-451B-AF27-D16CEF93091B}.Release|Any CPU.ActiveCfg = Release|Any CPU
		{293E947E-F356-451B-AF27-D16CEF93091B}.Release|Any CPU.Build.0 = Release|Any CPU
		{8AD58CEB-DFFD-4995-B6E0-710E5BC45624}.Debug|Any CPU.ActiveCfg = Debug|Any CPU
		{8AD58CEB-DFFD-4995-B6E0-710E5BC45624}.Debug|Any CPU.Build.0 = Debug|Any CPU
		{8AD58CEB-DFFD-4995-B6E0-710E5BC45624}.Release|Any CPU.ActiveCfg = Release|Any CPU
		{8AD58CEB-DFFD-4995-B6E0-710E5BC45624}.Release|Any CPU.Build.0 = Release|Any CPU
		{911BD64B-CA8D-4641-B95F-735C1D4C0C76}.Debug|Any CPU.ActiveCfg = Debug|Any CPU
		{911BD64B-CA8D-4641-B95F-735C1D4C0C76}.Debug|Any CPU.Build.0 = Debug|Any CPU
		{911BD64B-CA8D-4641-B95F-735C1D4C0C76}.Release|Any CPU.ActiveCfg = Release|Any CPU
		{911BD64B-CA8D-4641-B95F-735C1D4C0C76}.Release|Any CPU.Build.0 = Release|Any CPU
		{712843F8-26C7-413D-84F9-498AB6E80648}.Debug|Any CPU.ActiveCfg = Debug|Any CPU
		{712843F8-26C7-413D-84F9-498AB6E80648}.Debug|Any CPU.Build.0 = Debug|Any CPU
		{712843F8-26C7-413D-84F9-498AB6E80648}.Release|Any CPU.ActiveCfg = Release|Any CPU
		{712843F8-26C7-413D-84F9-498AB6E80648}.Release|Any CPU.Build.0 = Release|Any CPU
		{C0D5A349-61E8-4F7C-821A-47EE88659610}.Debug|Any CPU.ActiveCfg = Debug|Any CPU
		{C0D5A349-61E8-4F7C-821A-47EE88659610}.Debug|Any CPU.Build.0 = Debug|Any CPU
		{C0D5A349-61E8-4F7C-821A-47EE88659610}.Release|Any CPU.ActiveCfg = Release|Any CPU
		{C0D5A349-61E8-4F7C-821A-47EE88659610}.Release|Any CPU.Build.0 = Release|Any CPU
		{BFC458F2-0C36-4321-9241-F0DE43F96126}.Debug|Any CPU.ActiveCfg = Debug|Any CPU
		{BFC458F2-0C36-4321-9241-F0DE43F96126}.Debug|Any CPU.Build.0 = Debug|Any CPU
		{BFC458F2-0C36-4321-9241-F0DE43F96126}.Release|Any CPU.ActiveCfg = Release|Any CPU
		{BFC458F2-0C36-4321-9241-F0DE43F96126}.Release|Any CPU.Build.0 = Release|Any CPU
		{43199645-D6B0-43FA-929A-7DA6D42BAF0B}.Debug|Any CPU.ActiveCfg = Debug|Any CPU
		{43199645-D6B0-43FA-929A-7DA6D42BAF0B}.Debug|Any CPU.Build.0 = Debug|Any CPU
		{43199645-D6B0-43FA-929A-7DA6D42BAF0B}.Release|Any CPU.ActiveCfg = Release|Any CPU
		{43199645-D6B0-43FA-929A-7DA6D42BAF0B}.Release|Any CPU.Build.0 = Release|Any CPU
		{1266CF1D-97D5-42D6-9026-5406D300F793}.Debug|Any CPU.ActiveCfg = Debug|Any CPU
		{1266CF1D-97D5-42D6-9026-5406D300F793}.Debug|Any CPU.Build.0 = Debug|Any CPU
		{1266CF1D-97D5-42D6-9026-5406D300F793}.Release|Any CPU.ActiveCfg = Release|Any CPU
		{1266CF1D-97D5-42D6-9026-5406D300F793}.Release|Any CPU.Build.0 = Release|Any CPU
	EndGlobalSection
	GlobalSection(SolutionProperties) = preSolution
		HideSolutionNode = FALSE
	EndGlobalSection
	GlobalSection(NestedProjects) = preSolution
		{38B0C244-ABF7-424C-8F6A-FE40FB5D50EB} = {68430C15-2713-49CB-82C5-C87CB5749AD6}
		{293E947E-F356-451B-AF27-D16CEF93091B} = {38B0C244-ABF7-424C-8F6A-FE40FB5D50EB}
		{8AD58CEB-DFFD-4995-B6E0-710E5BC45624} = {38B0C244-ABF7-424C-8F6A-FE40FB5D50EB}
		{B8AA0D1E-E3A3-4FEC-A16C-8AA411FF53DA} = {68430C15-2713-49CB-82C5-C87CB5749AD6}
		{911BD64B-CA8D-4641-B95F-735C1D4C0C76} = {B8AA0D1E-E3A3-4FEC-A16C-8AA411FF53DA}
		{712843F8-26C7-413D-84F9-498AB6E80648} = {38B0C244-ABF7-424C-8F6A-FE40FB5D50EB}
		{C0D5A349-61E8-4F7C-821A-47EE88659610} = {38B0C244-ABF7-424C-8F6A-FE40FB5D50EB}
	EndGlobalSection
	GlobalSection(TeamFoundationVersionControl) = preSolution
		SccNumberOfProjects = 10
		SccEnterpriseProvider = {4CA58AB2-18FA-4F8D-95D4-32DDF27D184C}
		SccTeamFoundationServer = https://mingriland.visualstudio.com/
		SccLocalPath0 = .
		SccProjectUniqueName1 = ..\\TLAuto.Lib\\Main\\TLAuto.Base\\TLAuto.Base.csproj
		SccProjectTopLevelParentUniqueName1 = TLAuto.Video.sln
		SccProjectName1 = ../TLAuto.Lib/Main/TLAuto.Base
		SccLocalPath1 = ..\\TLAuto.Lib\\Main\\TLAuto.Base
		SccProjectUniqueName2 = ..\\TLAuto.Lib\\Main\\TLAuto.BaseEx\\TLAuto.BaseEx.csproj
		SccProjectTopLevelParentUniqueName2 = TLAuto.Video.sln
		SccProjectName2 = ../TLAuto.Lib/Main/TLAuto.BaseEx
		SccLocalPath2 = ..\\TLAuto.Lib\\Main\\TLAuto.BaseEx
		SccProjectUniqueName3 = ..\\TLAuto.Notification\\TLAuto.Notification.Contracts\\TLAuto.Notification.Contracts.csproj
		SccProjectTopLevelParentUniqueName3 = TLAuto.Video.sln
		SccProjectName3 = ../TLAuto.Notification/TLAuto.Notification.Contracts
		SccLocalPath3 = ..\\TLAuto.Notification\\TLAuto.Notification.Contracts
		SccProjectUniqueName4 = ..\\TLAuto.Lib\\Main\\TLAuto.Wcf\\TLAuto.Wcf.csproj
		SccProjectTopLevelParentUniqueName4 = TLAuto.Video.sln
		SccProjectName4 = ../TLAuto.Lib/Main/TLAuto.Wcf
		SccLocalPath4 = ..\\TLAuto.Lib\\Main\\TLAuto.Wcf
		SccProjectUniqueName5 = ..\\TLAuto.Lib\\Main\\TLAuto.Log\\TLAuto.Log.csproj
		SccProjectTopLevelParentUniqueName5 = TLAuto.Video.sln
		SccProjectName5 = ../TLAuto.Lib/Main/TLAuto.Log
		SccLocalPath5 = ..\\TLAuto.Lib\\Main\\TLAuto.Log
		SccProjectUniqueName6 = TLAuto.Video.App\\TLAuto.Video.App.csproj
		SccProjectName6 = TLAuto.Video.App
		SccLocalPath6 = TLAuto.Video.App
		SccProjectUniqueName7 = TLAuto.Video.Contracts\\TLAuto.Video.Contracts.csproj
		SccProjectName7 = TLAuto.Video.Contracts
		SccLocalPath7 = TLAuto.Video.Contracts
		SccProjectUniqueName8 = TLAuto.Video.Controls\\TLAuto.Video.Controls.csproj
		SccProjectName8 = TLAuto.Video.Controls
		SccLocalPath8 = TLAuto.Video.Controls
		SccProjectUniqueName9 = TLAuto.LocalVideo.App\\TLAuto.LocalVideo.App.csproj
		SccProjectName9 = TLAuto.LocalVideo.App
		SccLocalPath9 = TLAuto.LocalVideo.App
	EndGlobalSection
EndGlobal
