
Microsoft Visual Studio Solution File, Format Version 12.00
# Visual Studio 14
VisualStudioVersion = 14.0.25123.0
MinimumVisualStudioVersion = 10.0.40219.1
Project("{FAE04EC0-301F-11D3-BF4B-00C04F79EFBC}") = "TLAuto.Music.ServerHost", "TLAuto.Music.ServerHost\TLAuto.Music.ServerHost.csproj", "{9B132D0D-37B9-4787-B376-D0FC8D7FB3B2}"
EndProject
Project("{FAE04EC0-301F-11D3-BF4B-00C04F79EFBC}") = "TLAuto.Music.Contracts", "TLAuto.Music.Contracts\TLAuto.Music.Contracts.csproj", "{04E7709A-7361-480B-A7C2-0503F092A957}"
EndProject
Project("{2150E333-8FDC-42A3-9474-1A3956D46DE8}") = "Dependencies", "Dependencies", "{4DD287F5-ECD2-47F0-9AB8-2D225F9B7E5D}"
EndProject
Project("{2150E333-8FDC-42A3-9474-1A3956D46DE8}") = "TLAuto.Lib", "TLAuto.Lib", "{F2801BEA-5BA6-4757-86D4-2DFF27BE1637}"
EndProject
Project("{FAE04EC0-301F-11D3-BF4B-00C04F79EFBC}") = "TLAuto.Base", "..\TLAuto.Lib\Main\TLAuto.Base\TLAuto.Base.csproj", "{293E947E-F356-451B-AF27-D16CEF93091B}"
EndProject
Project("{FAE04EC0-301F-11D3-BF4B-00C04F79EFBC}") = "TLAuto.BaseEx", "..\TLAuto.Lib\Main\TLAuto.BaseEx\TLAuto.BaseEx.csproj", "{8AD58CEB-DFFD-4995-B6E0-710E5BC45624}"
EndProject
Project("{FAE04EC0-301F-11D3-BF4B-00C04F79EFBC}") = "TLAuto.Themes.Default", "..\TLAuto.Lib\Main\TLAuto.Themes.Default\TLAuto.Themes.Default.csproj", "{0C29D601-22DD-42DD-9C13-15F6D4FDCDBB}"
EndProject
Project("{FAE04EC0-301F-11D3-BF4B-00C04F79EFBC}") = "TLAuto.Music.Controls", "TLAuto.Music.Controls\TLAuto.Music.Controls.csproj", "{F62F5CC8-8865-43A7-B9ED-5382198F4D94}"
EndProject
Project("{FAE04EC0-301F-11D3-BF4B-00C04F79EFBC}") = "TLAuto.Log", "..\TLAuto.Lib\Main\TLAuto.Log\TLAuto.Log.csproj", "{C0D5A349-61E8-4F7C-821A-47EE88659610}"
EndProject
Project("{FAE04EC0-301F-11D3-BF4B-00C04F79EFBC}") = "TLAuto.Wcf", "..\TLAuto.Lib\Main\TLAuto.Wcf\TLAuto.Wcf.csproj", "{712843F8-26C7-413D-84F9-498AB6E80648}"
EndProject
Global
	GlobalSection(SolutionConfigurationPlatforms) = preSolution
		Debug|Any CPU = Debug|Any CPU
		Release|Any CPU = Release|Any CPU
	EndGlobalSection
	GlobalSection(ProjectConfigurationPlatforms) = postSolution
		{9B132D0D-37B9-4787-B376-D0FC8D7FB3B2}.Debug|Any CPU.ActiveCfg = Debug|Any CPU
		{9B132D0D-37B9-4787-B376-D0FC8D7FB3B2}.Debug|Any CPU.Build.0 = Debug|Any CPU
		{9B132D0D-37B9-4787-B376-D0FC8D7FB3B2}.Release|Any CPU.ActiveCfg = Release|Any CPU
		{9B132D0D-37B9-4787-B376-D0FC8D7FB3B2}.Release|Any CPU.Build.0 = Release|Any CPU
		{04E7709A-7361-480B-A7C2-0503F092A957}.Debug|Any CPU.ActiveCfg = Debug|Any CPU
		{04E7709A-7361-480B-A7C2-0503F092A957}.Debug|Any CPU.Build.0 = Debug|Any CPU
		{04E7709A-7361-480B-A7C2-0503F092A957}.Release|Any CPU.ActiveCfg = Release|Any CPU
		{04E7709A-7361-480B-A7C2-0503F092A957}.Release|Any CPU.Build.0 = Release|Any CPU
		{293E947E-F356-451B-AF27-D16CEF93091B}.Debug|Any CPU.ActiveCfg = Debug|Any CPU
		{293E947E-F356-451B-AF27-D16CEF93091B}.Debug|Any CPU.Build.0 = Debug|Any CPU
		{293E947E-F356-451B-AF27-D16CEF93091B}.Release|Any CPU.ActiveCfg = Release|Any CPU
		{293E947E-F356-451B-AF27-D16CEF93091B}.Release|Any CPU.Build.0 = Release|Any CPU
		{8AD58CEB-DFFD-4995-B6E0-710E5BC45624}.Debug|Any CPU.ActiveCfg = Debug|Any CPU
		{8AD58CEB-DFFD-4995-B6E0-710E5BC45624}.Debug|Any CPU.Build.0 = Debug|Any CPU
		{8AD58CEB-DFFD-4995-B6E0-710E5BC45624}.Release|Any CPU.ActiveCfg = Release|Any CPU
		{8AD58CEB-DFFD-4995-B6E0-710E5BC45624}.Release|Any CPU.Build.0 = Release|Any CPU
		{0C29D601-22DD-42DD-9C13-15F6D4FDCDBB}.Debug|Any CPU.ActiveCfg = Debug|Any CPU
		{0C29D601-22DD-42DD-9C13-15F6D4FDCDBB}.Debug|Any CPU.Build.0 = Debug|Any CPU
		{0C29D601-22DD-42DD-9C13-15F6D4FDCDBB}.Release|Any CPU.ActiveCfg = Release|Any CPU
		{0C29D601-22DD-42DD-9C13-15F6D4FDCDBB}.Release|Any CPU.Build.0 = Release|Any CPU
		{F62F5CC8-8865-43A7-B9ED-5382198F4D94}.Debug|Any CPU.ActiveCfg = Debug|Any CPU
		{F62F5CC8-8865-43A7-B9ED-5382198F4D94}.Debug|Any CPU.Build.0 = Debug|Any CPU
		{F62F5CC8-8865-43A7-B9ED-5382198F4D94}.Release|Any CPU.ActiveCfg = Release|Any CPU
		{F62F5CC8-8865-43A7-B9ED-5382198F4D94}.Release|Any CPU.Build.0 = Release|Any CPU
		{C0D5A349-61E8-4F7C-821A-47EE88659610}.Debug|Any CPU.ActiveCfg = Debug|Any CPU
		{C0D5A349-61E8-4F7C-821A-47EE88659610}.Debug|Any CPU.Build.0 = Debug|Any CPU
		{C0D5A349-61E8-4F7C-821A-47EE88659610}.Release|Any CPU.ActiveCfg = Release|Any CPU
		{C0D5A349-61E8-4F7C-821A-47EE88659610}.Release|Any CPU.Build.0 = Release|Any CPU
		{712843F8-26C7-413D-84F9-498AB6E80648}.Debug|Any CPU.ActiveCfg = Debug|Any CPU
		{712843F8-26C7-413D-84F9-498AB6E80648}.Debug|Any CPU.Build.0 = Debug|Any CPU
		{712843F8-26C7-413D-84F9-498AB6E80648}.Release|Any CPU.ActiveCfg = Release|Any CPU
		{712843F8-26C7-413D-84F9-498AB6E80648}.Release|Any CPU.Build.0 = Release|Any CPU
	EndGlobalSection
	GlobalSection(SolutionProperties) = preSolution
		HideSolutionNode = FALSE
	EndGlobalSection
	GlobalSection(NestedProjects) = preSolution
		{F2801BEA-5BA6-4757-86D4-2DFF27BE1637} = {4DD287F5-ECD2-47F0-9AB8-2D225F9B7E5D}
		{293E947E-F356-451B-AF27-D16CEF93091B} = {F2801BEA-5BA6-4757-86D4-2DFF27BE1637}
		{8AD58CEB-DFFD-4995-B6E0-710E5BC45624} = {F2801BEA-5BA6-4757-86D4-2DFF27BE1637}
		{0C29D601-22DD-42DD-9C13-15F6D4FDCDBB} = {F2801BEA-5BA6-4757-86D4-2DFF27BE1637}
		{C0D5A349-61E8-4F7C-821A-47EE88659610} = {F2801BEA-5BA6-4757-86D4-2DFF27BE1637}
		{712843F8-26C7-413D-84F9-498AB6E80648} = {F2801BEA-5BA6-4757-86D4-2DFF27BE1637}
	EndGlobalSection
	GlobalSection(TeamFoundationVersionControl) = preSolution
		SccNumberOfProjects = 9
		SccEnterpriseProvider = {4CA58AB2-18FA-4F8D-95D4-32DDF27D184C}
		SccTeamFoundationServer = https://mingriland.visualstudio.com/
		SccLocalPath0 = .
		SccProjectUniqueName1 = TLAuto.Music.ServerHost\\TLAuto.Music.ServerHost.csproj
		SccProjectName1 = TLAuto.Music.ServerHost
		SccLocalPath1 = TLAuto.Music.ServerHost
		SccProjectUniqueName2 = TLAuto.Music.Contracts\\TLAuto.Music.Contracts.csproj
		SccProjectName2 = TLAuto.Music.Contracts
		SccLocalPath2 = TLAuto.Music.Contracts
		SccProjectUniqueName3 = ..\\TLAuto.Lib\\Main\\TLAuto.Base\\TLAuto.Base.csproj
		SccProjectTopLevelParentUniqueName3 = TLAuto.Music.sln
		SccProjectName3 = ../TLAuto.Lib/Main/TLAuto.Base
		SccLocalPath3 = ..\\TLAuto.Lib\\Main\\TLAuto.Base
		SccProjectUniqueName4 = ..\\TLAuto.Lib\\Main\\TLAuto.BaseEx\\TLAuto.BaseEx.csproj
		SccProjectTopLevelParentUniqueName4 = TLAuto.Music.sln
		SccProjectName4 = ../TLAuto.Lib/Main/TLAuto.BaseEx
		SccLocalPath4 = ..\\TLAuto.Lib\\Main\\TLAuto.BaseEx
		SccProjectUniqueName5 = ..\\TLAuto.Lib\\Main\\TLAuto.Themes.Default\\TLAuto.Themes.Default.csproj
		SccProjectTopLevelParentUniqueName5 = TLAuto.Music.sln
		SccProjectName5 = ../TLAuto.Lib/Main/TLAuto.Themes.Default
		SccLocalPath5 = ..\\TLAuto.Lib\\Main\\TLAuto.Themes.Default
		SccProjectUniqueName6 = TLAuto.Music.Controls\\TLAuto.Music.Controls.csproj
		SccProjectName6 = TLAuto.Music.Controls
		SccLocalPath6 = TLAuto.Music.Controls
		SccProjectUniqueName7 = ..\\TLAuto.Lib\\Main\\TLAuto.Log\\TLAuto.Log.csproj
		SccProjectTopLevelParentUniqueName7 = TLAuto.Music.sln
		SccProjectName7 = ../TLAuto.Lib/Main/TLAuto.Log
		SccLocalPath7 = ..\\TLAuto.Lib\\Main\\TLAuto.Log
		SccProjectUniqueName8 = ..\\TLAuto.Lib\\Main\\TLAuto.Wcf\\TLAuto.Wcf.csproj
		SccProjectTopLevelParentUniqueName8 = TLAuto.Music.sln
		SccProjectName8 = ../TLAuto.Lib/Main/TLAuto.Wcf
		SccLocalPath8 = ..\\TLAuto.Lib\\Main\\TLAuto.Wcf
	EndGlobalSection
EndGlobal
